// !$*UTF8*$!
{
	archiveVersion = 1;
	classes = {
	};
	objectVersion = 46;
	objects = {

/* Begin PBXBuildFile section */
		A715B6851F29C7E40017DBA2 /* CardExpirationValidator.swift in Sources */ = {isa = PBXBuildFile; fileRef = A715B6841F29C7E40017DBA2 /* CardExpirationValidator.swift */; };
		A7E83DC11F276DE200E5CF48 /* CardType.swift in Sources */ = {isa = PBXBuildFile; fileRef = A7E83DC01F276DE200E5CF48 /* CardType.swift */; };
		A7FA4ED31F272BBB000334F5 /* AppDelegate.swift in Sources */ = {isa = PBXBuildFile; fileRef = A7FA4ED21F272BBB000334F5 /* AppDelegate.swift */; };
		A7FA4ED51F272BBB000334F5 /* ViewController.swift in Sources */ = {isa = PBXBuildFile; fileRef = A7FA4ED41F272BBB000334F5 /* ViewController.swift */; };
		A7FA4ED81F272BBB000334F5 /* Main.storyboard in Resources */ = {isa = PBXBuildFile; fileRef = A7FA4ED61F272BBB000334F5 /* Main.storyboard */; };
		A7FA4EDA1F272BBB000334F5 /* Assets.xcassets in Resources */ = {isa = PBXBuildFile; fileRef = A7FA4ED91F272BBB000334F5 /* Assets.xcassets */; };
		A7FA4EDD1F272BBB000334F5 /* LaunchScreen.storyboard in Resources */ = {isa = PBXBuildFile; fileRef = A7FA4EDB1F272BBB000334F5 /* LaunchScreen.storyboard */; };
		A7FA4EE81F272BBB000334F5 /* CardValidatorTests.swift in Sources */ = {isa = PBXBuildFile; fileRef = A7FA4EE71F272BBB000334F5 /* CardValidatorTests.swift */; };
		A7FA4EF31F272BBB000334F5 /* CardValidatorUITests.swift in Sources */ = {isa = PBXBuildFile; fileRef = A7FA4EF21F272BBB000334F5 /* CardValidatorUITests.swift */; };
		A7FA4F011F272BF4000334F5 /* CardValidatorTextField.swift in Sources */ = {isa = PBXBuildFile; fileRef = A7FA4F001F272BF4000334F5 /* CardValidatorTextField.swift */; };
/* End PBXBuildFile section */

/* Begin PBXContainerItemProxy section */
		A7FA4EE41F272BBB000334F5 /* PBXContainerItemProxy */ = {
			isa = PBXContainerItemProxy;
			containerPortal = A7FA4EC71F272BBA000334F5 /* Project object */;
			proxyType = 1;
			remoteGlobalIDString = A7FA4ECE1F272BBB000334F5;
			remoteInfo = CardValidator;
		};
		A7FA4EEF1F272BBB000334F5 /* PBXContainerItemProxy */ = {
			isa = PBXContainerItemProxy;
			containerPortal = A7FA4EC71F272BBA000334F5 /* Project object */;
			proxyType = 1;
			remoteGlobalIDString = A7FA4ECE1F272BBB000334F5;
			remoteInfo = CardValidator;
		};
/* End PBXContainerItemProxy section */

/* Begin PBXFileReference section */
		A715B6841F29C7E40017DBA2 /* CardExpirationValidator.swift */ = {isa = PBXFileReference; fileEncoding = 4; lastKnownFileType = sourcecode.swift; path = CardExpirationValidator.swift; sourceTree = "<group>"; };
		A7E83DC01F276DE200E5CF48 /* CardType.swift */ = {isa = PBXFileReference; fileEncoding = 4; lastKnownFileType = sourcecode.swift; path = CardType.swift; sourceTree = "<group>"; };
		A7FA4ECF1F272BBB000334F5 /* CardValidator.app */ = {isa = PBXFileReference; explicitFileType = wrapper.application; includeInIndex = 0; path = CardValidator.app; sourceTree = BUILT_PRODUCTS_DIR; };
		A7FA4ED21F272BBB000334F5 /* AppDelegate.swift */ = {isa = PBXFileReference; lastKnownFileType = sourcecode.swift; path = AppDelegate.swift; sourceTree = "<group>"; };
		A7FA4ED41F272BBB000334F5 /* ViewController.swift */ = {isa = PBXFileReference; lastKnownFileType = sourcecode.swift; path = ViewController.swift; sourceTree = "<group>"; };
		A7FA4ED71F272BBB000334F5 /* Base */ = {isa = PBXFileReference; lastKnownFileType = file.storyboard; name = Base; path = Base.lproj/Main.storyboard; sourceTree = "<group>"; };
		A7FA4ED91F272BBB000334F5 /* Assets.xcassets */ = {isa = PBXFileReference; lastKnownFileType = folder.assetcatalog; path = Assets.xcassets; sourceTree = "<group>"; };
		A7FA4EDC1F272BBB000334F5 /* Base */ = {isa = PBXFileReference; lastKnownFileType = file.storyboard; name = Base; path = Base.lproj/LaunchScreen.storyboard; sourceTree = "<group>"; };
		A7FA4EDE1F272BBB000334F5 /* Info.plist */ = {isa = PBXFileReference; lastKnownFileType = text.plist.xml; path = Info.plist; sourceTree = "<group>"; };
		A7FA4EE31F272BBB000334F5 /* CardValidatorTests.xctest */ = {isa = PBXFileReference; explicitFileType = wrapper.cfbundle; includeInIndex = 0; path = CardValidatorTests.xctest; sourceTree = BUILT_PRODUCTS_DIR; };
		A7FA4EE71F272BBB000334F5 /* CardValidatorTests.swift */ = {isa = PBXFileReference; lastKnownFileType = sourcecode.swift; path = CardValidatorTests.swift; sourceTree = "<group>"; };
		A7FA4EE91F272BBB000334F5 /* Info.plist */ = {isa = PBXFileReference; lastKnownFileType = text.plist.xml; path = Info.plist; sourceTree = "<group>"; };
		A7FA4EEE1F272BBB000334F5 /* CardValidatorUITests.xctest */ = {isa = PBXFileReference; explicitFileType = wrapper.cfbundle; includeInIndex = 0; path = CardValidatorUITests.xctest; sourceTree = BUILT_PRODUCTS_DIR; };
		A7FA4EF21F272BBB000334F5 /* CardValidatorUITests.swift */ = {isa = PBXFileReference; lastKnownFileType = sourcecode.swift; path = CardValidatorUITests.swift; sourceTree = "<group>"; };
		A7FA4EF41F272BBB000334F5 /* Info.plist */ = {isa = PBXFileReference; lastKnownFileType = text.plist.xml; path = Info.plist; sourceTree = "<group>"; };
		A7FA4F001F272BF4000334F5 /* CardValidatorTextField.swift */ = {isa = PBXFileReference; fileEncoding = 4; lastKnownFileType = sourcecode.swift; path = CardValidatorTextField.swift; sourceTree = "<group>"; };
/* End PBXFileReference section */

/* Begin PBXFrameworksBuildPhase section */
		A7FA4ECC1F272BBB000334F5 /* Frameworks */ = {
			isa = PBXFrameworksBuildPhase;
			buildActionMask = 2147483647;
			files = (
			);
			runOnlyForDeploymentPostprocessing = 0;
		};
		A7FA4EE01F272BBB000334F5 /* Frameworks */ = {
			isa = PBXFrameworksBuildPhase;
			buildActionMask = 2147483647;
			files = (
			);
			runOnlyForDeploymentPostprocessing = 0;
		};
		A7FA4EEB1F272BBB000334F5 /* Frameworks */ = {
			isa = PBXFrameworksBuildPhase;
			buildActionMask = 2147483647;
			files = (
			);
			runOnlyForDeploymentPostprocessing = 0;
		};
/* End PBXFrameworksBuildPhase section */

/* Begin PBXGroup section */
		A7FA4EC61F272BBA000334F5 = {
			isa = PBXGroup;
			children = (
				A7FA4ED11F272BBB000334F5 /* CardValidator */,
				A7FA4EE61F272BBB000334F5 /* CardValidatorTests */,
				A7FA4EF11F272BBB000334F5 /* CardValidatorUITests */,
				A7FA4ED01F272BBB000334F5 /* Products */,
			);
			sourceTree = "<group>";
		};
		A7FA4ED01F272BBB000334F5 /* Products */ = {
			isa = PBXGroup;
			children = (
				A7FA4ECF1F272BBB000334F5 /* CardValidator.app */,
				A7FA4EE31F272BBB000334F5 /* CardValidatorTests.xctest */,
				A7FA4EEE1F272BBB000334F5 /* CardValidatorUITests.xctest */,
			);
			name = Products;
			sourceTree = "<group>";
		};
		A7FA4ED11F272BBB000334F5 /* CardValidator */ = {
			isa = PBXGroup;
			children = (
				A7FA4ED21F272BBB000334F5 /* AppDelegate.swift */,
				A7FA4ED41F272BBB000334F5 /* ViewController.swift */,
				A715B6841F29C7E40017DBA2 /* CardExpirationValidator.swift */,
				A7FA4F001F272BF4000334F5 /* CardValidatorTextField.swift */,
				A7E83DC01F276DE200E5CF48 /* CardType.swift */,
				A7FA4ED61F272BBB000334F5 /* Main.storyboard */,
				A7FA4ED91F272BBB000334F5 /* Assets.xcassets */,
				A7FA4EDB1F272BBB000334F5 /* LaunchScreen.storyboard */,
				A7FA4EDE1F272BBB000334F5 /* Info.plist */,
			);
			path = CardValidator;
			sourceTree = "<group>";
		};
		A7FA4EE61F272BBB000334F5 /* CardValidatorTests */ = {
			isa = PBXGroup;
			children = (
				A7FA4EE71F272BBB000334F5 /* CardValidatorTests.swift */,
				A7FA4EE91F272BBB000334F5 /* Info.plist */,
			);
			path = CardValidatorTests;
			sourceTree = "<group>";
		};
		A7FA4EF11F272BBB000334F5 /* CardValidatorUITests */ = {
			isa = PBXGroup;
			children = (
				A7FA4EF21F272BBB000334F5 /* CardValidatorUITests.swift */,
				A7FA4EF41F272BBB000334F5 /* Info.plist */,
			);
			path = CardValidatorUITests;
			sourceTree = "<group>";
		};
/* End PBXGroup section */

/* Begin PBXNativeTarget section */
		A7FA4ECE1F272BBB000334F5 /* CardValidator */ = {
			isa = PBXNativeTarget;
			buildConfigurationList = A7FA4EF71F272BBB000334F5 /* Build configuration list for PBXNativeTarget "CardValidator" */;
			buildPhases = (
				A7FA4ECB1F272BBB000334F5 /* Sources */,
				A7FA4ECC1F272BBB000334F5 /* Frameworks */,
				A7FA4ECD1F272BBB000334F5 /* Resources */,
			);
			buildRules = (
			);
			dependencies = (
			);
			name = CardValidator;
			productName = CardValidator;
			productReference = A7FA4ECF1F272BBB000334F5 /* CardValidator.app */;
			productType = "com.apple.product-type.application";
		};
		A7FA4EE21F272BBB000334F5 /* CardValidatorTests */ = {
			isa = PBXNativeTarget;
			buildConfigurationList = A7FA4EFA1F272BBB000334F5 /* Build configuration list for PBXNativeTarget "CardValidatorTests" */;
			buildPhases = (
				A7FA4EDF1F272BBB000334F5 /* Sources */,
				A7FA4EE01F272BBB000334F5 /* Frameworks */,
				A7FA4EE11F272BBB000334F5 /* Resources */,
			);
			buildRules = (
			);
			dependencies = (
				A7FA4EE51F272BBB000334F5 /* PBXTargetDependency */,
			);
			name = CardValidatorTests;
			productName = CardValidatorTests;
			productReference = A7FA4EE31F272BBB000334F5 /* CardValidatorTests.xctest */;
			productType = "com.apple.product-type.bundle.unit-test";
		};
		A7FA4EED1F272BBB000334F5 /* CardValidatorUITests */ = {
			isa = PBXNativeTarget;
			buildConfigurationList = A7FA4EFD1F272BBB000334F5 /* Build configuration list for PBXNativeTarget "CardValidatorUITests" */;
			buildPhases = (
				A7FA4EEA1F272BBB000334F5 /* Sources */,
				A7FA4EEB1F272BBB000334F5 /* Frameworks */,
				A7FA4EEC1F272BBB000334F5 /* Resources */,
			);
			buildRules = (
			);
			dependencies = (
				A7FA4EF01F272BBB000334F5 /* PBXTargetDependency */,
			);
			name = CardValidatorUITests;
			productName = CardValidatorUITests;
			productReference = A7FA4EEE1F272BBB000334F5 /* CardValidatorUITests.xctest */;
			productType = "com.apple.product-type.bundle.ui-testing";
		};
/* End PBXNativeTarget section */

/* Begin PBXProject section */
		A7FA4EC71F272BBA000334F5 /* Project object */ = {
			isa = PBXProject;
			attributes = {
				LastSwiftUpdateCheck = 0830;
				LastUpgradeCheck = 0830;
				ORGANIZATIONNAME = "soc-macmini-45";
				TargetAttributes = {
					A7FA4ECE1F272BBB000334F5 = {
						CreatedOnToolsVersion = 8.3.2;
						ProvisioningStyle = Automatic;
					};
					A7FA4EE21F272BBB000334F5 = {
						CreatedOnToolsVersion = 8.3.2;
						ProvisioningStyle = Automatic;
						TestTargetID = A7FA4ECE1F272BBB000334F5;
					};
					A7FA4EED1F272BBB000334F5 = {
						CreatedOnToolsVersion = 8.3.2;
						ProvisioningStyle = Automatic;
						TestTargetID = A7FA4ECE1F272BBB000334F5;
					};
				};
			};
			buildConfigurationList = A7FA4ECA1F272BBA000334F5 /* Build configuration list for PBXProject "CardValidator" */;
			compatibilityVersion = "Xcode 3.2";
			developmentRegion = English;
			hasScannedForEncodings = 0;
			knownRegions = (
				en,
				Base,
			);
			mainGroup = A7FA4EC61F272BBA000334F5;
			productRefGroup = A7FA4ED01F272BBB000334F5 /* Products */;
			projectDirPath = "";
			projectRoot = "";
			targets = (
				A7FA4ECE1F272BBB000334F5 /* CardValidator */,
				A7FA4EE21F272BBB000334F5 /* CardValidatorTests */,
				A7FA4EED1F272BBB000334F5 /* CardValidatorUITests */,
			);
		};
/* End PBXProject section */

/* Begin PBXResourcesBuildPhase section */
		A7FA4ECD1F272BBB000334F5 /* Resources */ = {
			isa = PBXResourcesBuildPhase;
			buildActionMask = 2147483647;
			files = (
				A7FA4EDD1F272BBB000334F5 /* LaunchScreen.storyboard in Resources */,
				A7FA4EDA1F272BBB000334F5 /* Assets.xcassets in Resources */,
				A7FA4ED81F272BBB000334F5 /* Main.storyboard in Resources */,
			);
			runOnlyForDeploymentPostprocessing = 0;
		};
		A7FA4EE11F272BBB000334F5 /* Resources */ = {
			isa = PBXResourcesBuildPhase;
			buildActionMask = 2147483647;
			files = (
			);
			runOnlyForDeploymentPostprocessing = 0;
		};
		A7FA4EEC1F272BBB000334F5 /* Resources */ = {
			isa = PBXResourcesBuildPhase;
			buildActionMask = 2147483647;
			files = (
			);
			runOnlyForDeploymentPostprocessing = 0;
		};
/* End PBXResourcesBuildPhase section */

/* Begin PBXSourcesBuildPhase section */
		A7FA4ECB1F272BBB000334F5 /* Sources */ = {
			isa = PBXSourcesBuildPhase;
			buildActionMask = 2147483647;
			files = (
				A7FA4ED51F272BBB000334F5 /* ViewController.swift in Sources */,
				A7E83DC11F276DE200E5CF48 /* CardType.swift in Sources */,
				A7FA4ED31F272BBB000334F5 /* AppDelegate.swift in Sources */,
				A7FA4F011F272BF4000334F5 /* CardValidatorTextField.swift in Sources */,
				A715B6851F29C7E40017DBA2 /* CardExpirationValidator.swift in Sources */,
			);
			runOnlyForDeploymentPostprocessing = 0;
		};
		A7FA4EDF1F272BBB000334F5 /* Sources */ = {
			isa = PBXSourcesBuildPhase;
			buildActionMask = 2147483647;
			files = (
				A7FA4EE81F272BBB000334F5 /* CardValidatorTests.swift in Sources */,
			);
			runOnlyForDeploymentPostprocessing = 0;
		};
		A7FA4EEA1F272BBB000334F5 /* Sources */ = {
			isa = PBXSourcesBuildPhase;
			buildActionMask = 2147483647;
			files = (
				A7FA4EF31F272BBB000334F5 /* CardValidatorUITests.swift in Sources */,
			);
			runOnlyForDeploymentPostprocessing = 0;
		};
/* End PBXSourcesBuildPhase section */

/* Begin PBXTargetDependency section */
		A7FA4EE51F272BBB000334F5 /* PBXTargetDependency */ = {
			isa = PBXTargetDependency;
			target = A7FA4ECE1F272BBB000334F5 /* CardValidator */;
			targetProxy = A7FA4EE41F272BBB000334F5 /* PBXContainerItemProxy */;
		};
		A7FA4EF01F272BBB000334F5 /* PBXTargetDependency */ = {
			isa = PBXTargetDependency;
			target = A7FA4ECE1F272BBB000334F5 /* CardValidator */;
			targetProxy = A7FA4EEF1F272BBB000334F5 /* PBXContainerItemProxy */;
		};
/* End PBXTargetDependency section */

/* Begin PBXVariantGroup section */
		A7FA4ED61F272BBB000334F5 /* Main.storyboard */ = {
			isa = PBXVariantGroup;
			children = (
				A7FA4ED71F272BBB000334F5 /* Base */,
			);
			name = Main.storyboard;
			sourceTree = "<group>";
		};
		A7FA4EDB1F272BBB000334F5 /* LaunchScreen.storyboard */ = {
			isa = PBXVariantGroup;
			children = (
				A7FA4EDC1F272BBB000334F5 /* Base */,
			);
			name = LaunchScreen.storyboard;
			sourceTree = "<group>";
		};
/* End PBXVariantGroup section */

/* Begin XCBuildConfiguration section */
		A7FA4EF51F272BBB000334F5 /* Debug */ = {
			isa = XCBuildConfiguration;
			buildSettings = {
				ALWAYS_SEARCH_USER_PATHS = NO;
				CLANG_ANALYZER_NONNULL = YES;
				CLANG_ANALYZER_NUMBER_OBJECT_CONVERSION = YES_AGGRESSIVE;
				CLANG_CXX_LANGUAGE_STANDARD = "gnu++0x";
				CLANG_CXX_LIBRARY = "libc++";
				CLANG_ENABLE_MODULES = YES;
				CLANG_ENABLE_OBJC_ARC = YES;
				CLANG_WARN_BOOL_CONVERSION = YES;
				CLANG_WARN_CONSTANT_CONVERSION = YES;
				CLANG_WARN_DIRECT_OBJC_ISA_USAGE = YES_ERROR;
				CLANG_WARN_DOCUMENTATION_COMMENTS = YES;
				CLANG_WARN_EMPTY_BODY = YES;
				CLANG_WARN_ENUM_CONVERSION = YES;
				CLANG_WARN_INFINITE_RECURSION = YES;
				CLANG_WARN_INT_CONVERSION = YES;
				CLANG_WARN_OBJC_ROOT_CLASS = YES_ERROR;
				CLANG_WARN_SUSPICIOUS_MOVE = YES;
				CLANG_WARN_UNREACHABLE_CODE = YES;
				CLANG_WARN__DUPLICATE_METHOD_MATCH = YES;
				"CODE_SIGN_IDENTITY[sdk=iphoneos*]" = "iPhone Developer";
				COPY_PHASE_STRIP = NO;
				DEBUG_INFORMATION_FORMAT = dwarf;
				ENABLE_STRICT_OBJC_MSGSEND = YES;
				ENABLE_TESTABILITY = YES;
				GCC_C_LANGUAGE_STANDARD = gnu99;
				GCC_DYNAMIC_NO_PIC = NO;
				GCC_NO_COMMON_BLOCKS = YES;
				GCC_OPTIMIZATION_LEVEL = 0;
				GCC_PREPROCESSOR_DEFINITIONS = (
					"DEBUG=1",
					"$(inherited)",
				);
				GCC_WARN_64_TO_32_BIT_CONVERSION = YES;
				GCC_WARN_ABOUT_RETURN_TYPE = YES_ERROR;
				GCC_WARN_UNDECLARED_SELECTOR = YES;
				GCC_WARN_UNINITIALIZED_AUTOS = YES_AGGRESSIVE;
				GCC_WARN_UNUSED_FUNCTION = YES;
				GCC_WARN_UNUSED_VARIABLE = YES;
				IPHONEOS_DEPLOYMENT_TARGET = 10.3;
				MTL_ENABLE_DEBUG_INFO = YES;
				ONLY_ACTIVE_ARCH = YES;
				SDKROOT = iphoneos;
				SWIFT_ACTIVE_COMPILATION_CONDITIONS = DEBUG;
				SWIFT_OPTIMIZATION_LEVEL = "-Onone";
				TARGETED_DEVICE_FAMILY = "1,2";
			};
			name = Debug;
		};
		A7FA4EF61F272BBB000334F5 /* Release */ = {
			isa = XCBuildConfiguration;
			buildSettings = {
				ALWAYS_SEARCH_USER_PATHS = NO;
				CLANG_ANALYZER_NONNULL = YES;
				CLANG_ANALYZER_NUMBER_OBJECT_CONVERSION = YES_AGGRESSIVE;
				CLANG_CXX_LANGUAGE_STANDARD = "gnu++0x";
				CLANG_CXX_LIBRARY = "libc++";
				CLANG_ENABLE_MODULES = YES;
				CLANG_ENABLE_OBJC_ARC = YES;
				CLANG_WARN_BOOL_CONVERSION = YES;
				CLANG_WARN_CONSTANT_CONVERSION = YES;
				CLANG_WARN_DIRECT_OBJC_ISA_USAGE = YES_ERROR;
				CLANG_WARN_DOCUMENTATION_COMMENTS = YES;
				CLANG_WARN_EMPTY_BODY = YES;
				CLANG_WARN_ENUM_CONVERSION = YES;
				CLANG_WARN_INFINITE_RECURSION = YES;
				CLANG_WARN_INT_CONVERSION = YES;
				CLANG_WARN_OBJC_ROOT_CLASS = YES_ERROR;
				CLANG_WARN_SUSPICIOUS_MOVE = YES;
				CLANG_WARN_UNREACHABLE_CODE = YES;
				CLANG_WARN__DUPLICATE_METHOD_MATCH = YES;
				"CODE_SIGN_IDENTITY[sdk=iphoneos*]" = "iPhone Developer";
				COPY_PHASE_STRIP = NO;
				DEBUG_INFORMATION_FORMAT = "dwarf-with-dsym";
				ENABLE_NS_ASSERTIONS = NO;
				ENABLE_STRICT_OBJC_MSGSEND = YES;
				GCC_C_LANGUAGE_STANDARD = gnu99;
				GCC_NO_COMMON_BLOCKS = YES;
				GCC_WARN_64_TO_32_BIT_CONVERSION = YES;
				GCC_WARN_ABOUT_RETURN_TYPE = YES_ERROR;
				GCC_WARN_UNDECLARED_SELECTOR = YES;
				GCC_WARN_UNINITIALIZED_AUTOS = YES_AGGRESSIVE;
				GCC_WARN_UNUSED_FUNCTION = YES;
				GCC_WARN_UNUSED_VARIABLE = YES;
				IPHONEOS_DEPLOYMENT_TARGET = 10.3;
				MTL_ENABLE_DEBUG_INFO = NO;
				SDKROOT = iphoneos;
				SWIFT_OPTIMIZATION_LEVEL = "-Owholemodule";
				TARGETED_DEVICE_FAMILY = "1,2";
				VALIDATE_PRODUCT = YES;
			};
			name = Release;
		};
		A7FA4EF81F272BBB000334F5 /* Debug */ = {
			isa = XCBuildConfiguration;
			buildSettings = {
				ASSETCATALOG_COMPILER_APPICON_NAME = AppIcon;
				INFOPLIST_FILE = CardValidator/Info.plist;
				LD_RUNPATH_SEARCH_PATHS = "$(inherited) @executable_path/Frameworks";
				PRODUCT_BUNDLE_IDENTIFIER = com.Clicklabs.CardValidator;
				PRODUCT_NAME = "$(TARGET_NAME)";
				SWIFT_VERSION = 3.0;
			};
			name = Debug;
		};
		A7FA4EF91F272BBB000334F5 /* Release */ = {
			isa = XCBuildConfiguration;
			buildSettings = {
				ASSETCATALOG_COMPILER_APPICON_NAME = AppIcon;
				INFOPLIST_FILE = CardValidator/Info.plist;
				LD_RUNPATH_SEARCH_PATHS = "$(inherited) @executable_path/Frameworks";
				PRODUCT_BUNDLE_IDENTIFIER = com.Clicklabs.CardValidator;
				PRODUCT_NAME = "$(TARGET_NAME)";
				SWIFT_VERSION = 3.0;
			};
			name = Release;
		};
		A7FA4EFB1F272BBB000334F5 /* Debug */ = {
			isa = XCBuildConfiguration;
			buildSettings = {
				ALWAYS_EMBED_SWIFT_STANDARD_LIBRARIES = YES;
				BUNDLE_LOADER = "$(TEST_HOST)";
				INFOPLIST_FILE = CardValidatorTests/Info.plist;
				LD_RUNPATH_SEARCH_PATHS = "$(inherited) @executable_path/Frameworks @loader_path/Frameworks";
				PRODUCT_BUNDLE_IDENTIFIER = com.Clicklabs.CardValidatorTests;
				PRODUCT_NAME = "$(TARGET_NAME)";
				SWIFT_VERSION = 3.0;
				TEST_HOST = "$(BUILT_PRODUCTS_DIR)/CardValidator.app/CardValidator";
			};
			name = Debug;
		};
		A7FA4EFC1F272BBB000334F5 /* Release */ = {
			isa = XCBuildConfiguration;
			buildSettings = {
				ALWAYS_EMBED_SWIFT_STANDARD_LIBRARIES = YES;
				BUNDLE_LOADER = "$(TEST_HOST)";
				INFOPLIST_FILE = CardValidatorTests/Info.plist;
				LD_RUNPATH_SEARCH_PATHS = "$(inherited) @executable_path/Frameworks @loader_path/Frameworks";
				PRODUCT_BUNDLE_IDENTIFIER = com.Clicklabs.CardValidatorTests;
				PRODUCT_NAME = "$(TARGET_NAME)";
				SWIFT_VERSION = 3.0;
				TEST_HOST = "$(BUILT_PRODUCTS_DIR)/CardValidator.app/CardValidator";
			};
			name = Release;
		};
		A7FA4EFE1F272BBB000334F5 /* Debug */ = {
			isa = XCBuildConfiguration;
			buildSettings = {
				ALWAYS_EMBED_SWIFT_STANDARD_LIBRARIES = YES;
				INFOPLIST_FILE = CardValidatorUITests/Info.plist;
				LD_RUNPATH_SEARCH_PATHS = "$(inherited) @executable_path/Frameworks @loader_path/Frameworks";
				PRODUCT_BUNDLE_IDENTIFIER = com.Clicklabs.CardValidatorUITests;
				PRODUCT_NAME = "$(TARGET_NAME)";
				SWIFT_VERSION = 3.0;
				TEST_TARGET_NAME = CardValidator;
			};
			name = Debug;
		};
		A7FA4EFF1F272BBB000334F5 /* Release */ = {
			isa = XCBuildConfiguration;
			buildSettings = {
				ALWAYS_EMBED_SWIFT_STANDARD_LIBRARIES = YES;
				INFOPLIST_FILE = CardValidatorUITests/Info.plist;
				LD_RUNPATH_SEARCH_PATHS = "$(inherited) @executable_path/Frameworks @loader_path/Frameworks";
				PRODUCT_BUNDLE_IDENTIFIER = com.Clicklabs.CardValidatorUITests;
				PRODUCT_NAME = "$(TARGET_NAME)";
				SWIFT_VERSION = 3.0;
				TEST_TARGET_NAME = CardValidator;
			};
			name = Release;
		};
/* End XCBuildConfiguration section */

/* Begin XCConfigurationList section */
		A7FA4ECA1F272BBA000334F5 /* Build configuration list for PBXProject "CardValidator" */ = {
			isa = XCConfigurationList;
			buildConfigurations = (
				A7FA4EF51F272BBB000334F5 /* Debug */,
				A7FA4EF61F272BBB000334F5 /* Release */,
			);
			defaultConfigurationIsVisible = 0;
			defaultConfigurationName = Release;
		};
		A7FA4EF71F272BBB000334F5 /* Build configuration list for PBXNativeTarget "CardValidator" */ = {
			isa = XCConfigurationList;
			buildConfigurations = (
				A7FA4EF81F272BBB000334F5 /* Debug */,
				A7FA4EF91F272BBB000334F5 /* Release */,
			);
			defaultConfigurationIsVisible = 0;
			defaultConfigurationName = Release;
		};
		A7FA4EFA1F272BBB000334F5 /* Build configuration list for PBXNativeTarget "CardValidatorTests" */ = {
			isa = XCConfigurationList;
			buildConfigurations = (
				A7FA4EFB1F272BBB000334F5 /* Debug */,
				A7FA4EFC1F272BBB000334F5 /* Release */,
			);
			defaultConfigurationIsVisible = 0;
			defaultConfigurationName = Release;
		};
		A7FA4EFD1F272BBB000334F5 /* Build configuration list for PBXNativeTarget "CardValidatorUITests" */ = {
			isa = XCConfigurationList;
			buildConfigurations = (
				A7FA4EFE1F272BBB000334F5 /* Debug */,
				A7FA4EFF1F272BBB000334F5 /* Release */,
			);
			defaultConfigurationIsVisible = 0;
			defaultConfigurationName = Release;
		};
/* End XCConfigurationList section */
	};
	rootObject = A7FA4EC71F272BBA000334F5 /* Project object */;
}
